// !$*UTF8*$!
{
	archiveVersion = 1;
	classes = {
	};
	objectVersion = 77;
	objects = {

/* Begin PBXBuildFile section */
		4143BCC62CA3167100A4F3CC /* SnapKit in Frameworks */ = {isa = PBXBuildFile; productRef = 4143BCC52CA3167100A4F3CC /* SnapKit */; };
		41BD3C332CA5620F006775E3 /* Then in Frameworks */ = {isa = PBXBuildFile; productRef = 41BD3C322CA5620F006775E3 /* Then */; };
		41E801B92CE8E175004A5DE5 /* Alamofire in Frameworks */ = {isa = PBXBuildFile; productRef = 41E801B82CE8E175004A5DE5 /* Alamofire */; };
		41E801C02CE8EA25004A5DE5 /* KakaoSDK in Frameworks */ = {isa = PBXBuildFile; productRef = 41E801BF2CE8EA25004A5DE5 /* KakaoSDK */; };
		41E801C22CE8EA25004A5DE5 /* KakaoSDKAuth in Frameworks */ = {isa = PBXBuildFile; productRef = 41E801C12CE8EA25004A5DE5 /* KakaoSDKAuth */; };
		41E801C42CE8EA26004A5DE5 /* KakaoSDKCert in Frameworks */ = {isa = PBXBuildFile; productRef = 41E801C32CE8EA26004A5DE5 /* KakaoSDKCert */; };
		41E801C62CE8EA26004A5DE5 /* KakaoSDKCertCore in Frameworks */ = {isa = PBXBuildFile; productRef = 41E801C52CE8EA26004A5DE5 /* KakaoSDKCertCore */; };
		41E801C82CE8EA26004A5DE5 /* KakaoSDKCommon in Frameworks */ = {isa = PBXBuildFile; productRef = 41E801C72CE8EA26004A5DE5 /* KakaoSDKCommon */; };
		41E801CA2CE8F31E004A5DE5 /* Secrets.xcconfig in Resources */ = {isa = PBXBuildFile; fileRef = 41E801C92CE8F31E004A5DE5 /* Secrets.xcconfig */; };
		41E802B62CF207BC004A5DE5 /* CombineMoya in Frameworks */ = {isa = PBXBuildFile; productRef = 41E802B52CF207BC004A5DE5 /* CombineMoya */; };
		41E802B82CF207BC004A5DE5 /* Moya in Frameworks */ = {isa = PBXBuildFile; productRef = 41E802B72CF207BC004A5DE5 /* Moya */; };
		41E802BA2CF207BC004A5DE5 /* ReactiveMoya in Frameworks */ = {isa = PBXBuildFile; productRef = 41E802B92CF207BC004A5DE5 /* ReactiveMoya */; };
		41E802BC2CF207BC004A5DE5 /* RxMoya in Frameworks */ = {isa = PBXBuildFile; productRef = 41E802BB2CF207BC004A5DE5 /* RxMoya */; };
/* End PBXBuildFile section */

/* Begin PBXFileReference section */
		4143BC992CA3146800A4F3CC /* KREAM.app */ = {isa = PBXFileReference; explicitFileType = wrapper.application; includeInIndex = 0; path = KREAM.app; sourceTree = BUILT_PRODUCTS_DIR; };
		41E801C92CE8F31E004A5DE5 /* Secrets.xcconfig */ = {isa = PBXFileReference; lastKnownFileType = text.xcconfig; path = Secrets.xcconfig; sourceTree = "<group>"; };
/* End PBXFileReference section */

/* Begin PBXFileSystemSynchronizedBuildFileExceptionSet section */
		4143BCAB2CA3146A00A4F3CC /* Exceptions for "KREAM" folder in "KREAM" target */ = {
			isa = PBXFileSystemSynchronizedBuildFileExceptionSet;
			membershipExceptions = (
				Info.plist,
			);
			target = 4143BC982CA3146800A4F3CC /* KREAM */;
		};
/* End PBXFileSystemSynchronizedBuildFileExceptionSet section */

/* Begin PBXFileSystemSynchronizedRootGroup section */
		4143BC9B2CA3146800A4F3CC /* KREAM */ = {
			isa = PBXFileSystemSynchronizedRootGroup;
			exceptions = (
				4143BCAB2CA3146A00A4F3CC /* Exceptions for "KREAM" folder in "KREAM" target */,
			);
			path = KREAM;
			sourceTree = "<group>";
		};
/* End PBXFileSystemSynchronizedRootGroup section */

/* Begin PBXFrameworksBuildPhase section */
		4143BC962CA3146800A4F3CC /* Frameworks */ = {
			isa = PBXFrameworksBuildPhase;
			buildActionMask = 2147483647;
			files = (
				41E801C82CE8EA26004A5DE5 /* KakaoSDKCommon in Frameworks */,
				41E801B92CE8E175004A5DE5 /* Alamofire in Frameworks */,
				41E802B62CF207BC004A5DE5 /* CombineMoya in Frameworks */,
				41E801C02CE8EA25004A5DE5 /* KakaoSDK in Frameworks */,
				4143BCC62CA3167100A4F3CC /* SnapKit in Frameworks */,
				41E801C42CE8EA26004A5DE5 /* KakaoSDKCert in Frameworks */,
				41E802BC2CF207BC004A5DE5 /* RxMoya in Frameworks */,
				41BD3C332CA5620F006775E3 /* Then in Frameworks */,
				41E801C22CE8EA25004A5DE5 /* KakaoSDKAuth in Frameworks */,
				41E802B82CF207BC004A5DE5 /* Moya in Frameworks */,
				41E801C62CE8EA26004A5DE5 /* KakaoSDKCertCore in Frameworks */,
				41E802BA2CF207BC004A5DE5 /* ReactiveMoya in Frameworks */,
			);
			runOnlyForDeploymentPostprocessing = 0;
		};
/* End PBXFrameworksBuildPhase section */

/* Begin PBXGroup section */
		4143BC902CA3146800A4F3CC = {
			isa = PBXGroup;
			children = (
				4143BC9B2CA3146800A4F3CC /* KREAM */,
				4143BC9A2CA3146800A4F3CC /* Products */,
				41E801C92CE8F31E004A5DE5 /* Secrets.xcconfig */,
			);
			sourceTree = "<group>";
		};
		4143BC9A2CA3146800A4F3CC /* Products */ = {
			isa = PBXGroup;
			children = (
				4143BC992CA3146800A4F3CC /* KREAM.app */,
			);
			name = Products;
			sourceTree = "<group>";
		};
/* End PBXGroup section */

/* Begin PBXNativeTarget section */
		4143BC982CA3146800A4F3CC /* KREAM */ = {
			isa = PBXNativeTarget;
			buildConfigurationList = 4143BCAC2CA3146A00A4F3CC /* Build configuration list for PBXNativeTarget "KREAM" */;
			buildPhases = (
				4143BC952CA3146800A4F3CC /* Sources */,
				4143BC962CA3146800A4F3CC /* Frameworks */,
				4143BC972CA3146800A4F3CC /* Resources */,
			);
			buildRules = (
			);
			dependencies = (
			);
			fileSystemSynchronizedGroups = (
				4143BC9B2CA3146800A4F3CC /* KREAM */,
			);
			name = KREAM;
			packageProductDependencies = (
				4143BCC52CA3167100A4F3CC /* SnapKit */,
				41BD3C322CA5620F006775E3 /* Then */,
				41E801B82CE8E175004A5DE5 /* Alamofire */,
				41E801BF2CE8EA25004A5DE5 /* KakaoSDK */,
				41E801C12CE8EA25004A5DE5 /* KakaoSDKAuth */,
				41E801C32CE8EA26004A5DE5 /* KakaoSDKCert */,
				41E801C52CE8EA26004A5DE5 /* KakaoSDKCertCore */,
				41E801C72CE8EA26004A5DE5 /* KakaoSDKCommon */,
				41E802B52CF207BC004A5DE5 /* CombineMoya */,
				41E802B72CF207BC004A5DE5 /* Moya */,
				41E802B92CF207BC004A5DE5 /* ReactiveMoya */,
				41E802BB2CF207BC004A5DE5 /* RxMoya */,
			);
			productName = KREAM;
			productReference = 4143BC992CA3146800A4F3CC /* KREAM.app */;
			productType = "com.apple.product-type.application";
		};
/* End PBXNativeTarget section */

/* Begin PBXProject section */
		4143BC912CA3146800A4F3CC /* Project object */ = {
			isa = PBXProject;
			attributes = {
				BuildIndependentTargetsInParallel = 1;
				LastSwiftUpdateCheck = 1600;
				LastUpgradeCheck = 1600;
				TargetAttributes = {
					4143BC982CA3146800A4F3CC = {
						CreatedOnToolsVersion = 16.0;
					};
				};
			};
			buildConfigurationList = 4143BC942CA3146800A4F3CC /* Build configuration list for PBXProject "KREAM" */;
			developmentRegion = en;
			hasScannedForEncodings = 0;
			knownRegions = (
				en,
				Base,
			);
			mainGroup = 4143BC902CA3146800A4F3CC;
			minimizedProjectReferenceProxies = 1;
			packageReferences = (
				4143BCC42CA3167000A4F3CC /* XCRemoteSwiftPackageReference "SnapKit" */,
				41BD3C312CA5620F006775E3 /* XCRemoteSwiftPackageReference "Then" */,
				41E801B72CE8E175004A5DE5 /* XCRemoteSwiftPackageReference "Alamofire" */,
				41E801BE2CE8EA25004A5DE5 /* XCRemoteSwiftPackageReference "kakao-ios-sdk" */,
				41E802B42CF207BC004A5DE5 /* XCRemoteSwiftPackageReference "Moya" */,
			);
			preferredProjectObjectVersion = 77;
			productRefGroup = 4143BC9A2CA3146800A4F3CC /* Products */;
			projectDirPath = "";
			projectRoot = "";
			targets = (
				4143BC982CA3146800A4F3CC /* KREAM */,
			);
		};
/* End PBXProject section */

/* Begin PBXResourcesBuildPhase section */
		4143BC972CA3146800A4F3CC /* Resources */ = {
			isa = PBXResourcesBuildPhase;
			buildActionMask = 2147483647;
			files = (
				41E801CA2CE8F31E004A5DE5 /* Secrets.xcconfig in Resources */,
			);
			runOnlyForDeploymentPostprocessing = 0;
		};
/* End PBXResourcesBuildPhase section */

/* Begin PBXSourcesBuildPhase section */
		4143BC952CA3146800A4F3CC /* Sources */ = {
			isa = PBXSourcesBuildPhase;
			buildActionMask = 2147483647;
			files = (
			);
			runOnlyForDeploymentPostprocessing = 0;
		};
/* End PBXSourcesBuildPhase section */

/* Begin XCBuildConfiguration section */
		4143BCAD2CA3146A00A4F3CC /* Debug */ = {
			isa = XCBuildConfiguration;
			baseConfigurationReference = 41E801C92CE8F31E004A5DE5 /* Secrets.xcconfig */;
			buildSettings = {
				ASSETCATALOG_COMPILER_APPICON_NAME = AppIcon;
				ASSETCATALOG_COMPILER_GLOBAL_ACCENT_COLOR_NAME = AccentColor;
				CODE_SIGN_STYLE = Automatic;
				CURRENT_PROJECT_VERSION = 1;
				DEVELOPMENT_TEAM = 2PPHF9K8UN;
				GENERATE_INFOPLIST_FILE = YES;
				INFOPLIST_FILE = KREAM/Info.plist;
				INFOPLIST_KEY_UIApplicationSupportsIndirectInputEvents = YES;
				INFOPLIST_KEY_UILaunchStoryboardName = LaunchScreen;
				INFOPLIST_KEY_UISupportedInterfaceOrientations_iPad = "UIInterfaceOrientationPortrait UIInterfaceOrientationPortraitUpsideDown UIInterfaceOrientationLandscapeLeft UIInterfaceOrientationLandscapeRight";
				INFOPLIST_KEY_UISupportedInterfaceOrientations_iPhone = "UIInterfaceOrientationPortrait UIInterfaceOrientationLandscapeLeft UIInterfaceOrientationLandscapeRight";
				LD_RUNPATH_SEARCH_PATHS = (
					"$(inherited)",
					"@executable_path/Frameworks",
				);
				MARKETING_VERSION = 1.0;
				PRODUCT_BUNDLE_IDENTIFIER = com.hyunmin.KREAM;
				PRODUCT_NAME = "$(TARGET_NAME)";
				SWIFT_EMIT_LOC_STRINGS = YES;
				SWIFT_VERSION = 5.0;
				TARGETED_DEVICE_FAMILY = "1,2";
			};
			name = Debug;
		};
		4143BCAE2CA3146A00A4F3CC /* Release */ = {
			isa = XCBuildConfiguration;
			buildSettings = {
				ASSETCATALOG_COMPILER_APPICON_NAME = AppIcon;
				ASSETCATALOG_COMPILER_GLOBAL_ACCENT_COLOR_NAME = AccentColor;
				CODE_SIGN_STYLE = Automatic;
				CURRENT_PROJECT_VERSION = 1;
				DEVELOPMENT_TEAM = 2PPHF9K8UN;
				GENERATE_INFOPLIST_FILE = YES;
				INFOPLIST_FILE = KREAM/Info.plist;
				INFOPLIST_KEY_UIApplicationSupportsIndirectInputEvents = YES;
				INFOPLIST_KEY_UILaunchStoryboardName = LaunchScreen;
				INFOPLIST_KEY_UISupportedInterfaceOrientations_iPad = "UIInterfaceOrientationPortrait UIInterfaceOrientationPortraitUpsideDown UIInterfaceOrientationLandscapeLeft UIInterfaceOrientationLandscapeRight";
				INFOPLIST_KEY_UISupportedInterfaceOrientations_iPhone = "UIInterfaceOrientationPortrait UIInterfaceOrientationLandscapeLeft UIInterfaceOrientationLandscapeRight";
				LD_RUNPATH_SEARCH_PATHS = (
					"$(inherited)",
					"@executable_path/Frameworks",
				);
				MARKETING_VERSION = 1.0;
				PRODUCT_BUNDLE_IDENTIFIER = com.hyunmin.KREAM;
				PRODUCT_NAME = "$(TARGET_NAME)";
				SWIFT_EMIT_LOC_STRINGS = YES;
				SWIFT_VERSION = 5.0;
				TARGETED_DEVICE_FAMILY = "1,2";
			};
			name = Release;
		};
		4143BCAF2CA3146A00A4F3CC /* Debug */ = {
			isa = XCBuildConfiguration;
			buildSettings = {
				ALWAYS_SEARCH_USER_PATHS = NO;
				ASSETCATALOG_COMPILER_GENERATE_SWIFT_ASSET_SYMBOL_EXTENSIONS = YES;
				CLANG_ANALYZER_NONNULL = YES;
				CLANG_ANALYZER_NUMBER_OBJECT_CONVERSION = YES_AGGRESSIVE;
				CLANG_CXX_LANGUAGE_STANDARD = "gnu++20";
				CLANG_ENABLE_MODULES = YES;
				CLANG_ENABLE_OBJC_ARC = YES;
				CLANG_ENABLE_OBJC_WEAK = YES;
				CLANG_WARN_BLOCK_CAPTURE_AUTORELEASING = YES;
				CLANG_WARN_BOOL_CONVERSION = YES;
				CLANG_WARN_COMMA = YES;
				CLANG_WARN_CONSTANT_CONVERSION = YES;
				CLANG_WARN_DEPRECATED_OBJC_IMPLEMENTATIONS = YES;
				CLANG_WARN_DIRECT_OBJC_ISA_USAGE = YES_ERROR;
				CLANG_WARN_DOCUMENTATION_COMMENTS = YES;
				CLANG_WARN_EMPTY_BODY = YES;
				CLANG_WARN_ENUM_CONVERSION = YES;
				CLANG_WARN_INFINITE_RECURSION = YES;
				CLANG_WARN_INT_CONVERSION = YES;
				CLANG_WARN_NON_LITERAL_NULL_CONVERSION = YES;
				CLANG_WARN_OBJC_IMPLICIT_RETAIN_SELF = YES;
				CLANG_WARN_OBJC_LITERAL_CONVERSION = YES;
				CLANG_WARN_OBJC_ROOT_CLASS = YES_ERROR;
				CLANG_WARN_QUOTED_INCLUDE_IN_FRAMEWORK_HEADER = YES;
				CLANG_WARN_RANGE_LOOP_ANALYSIS = YES;
				CLANG_WARN_STRICT_PROTOTYPES = YES;
				CLANG_WARN_SUSPICIOUS_MOVE = YES;
				CLANG_WARN_UNGUARDED_AVAILABILITY = YES_AGGRESSIVE;
				CLANG_WARN_UNREACHABLE_CODE = YES;
				CLANG_WARN__DUPLICATE_METHOD_MATCH = YES;
				COPY_PHASE_STRIP = NO;
				DEBUG_INFORMATION_FORMAT = dwarf;
				ENABLE_STRICT_OBJC_MSGSEND = YES;
				ENABLE_TESTABILITY = YES;
				ENABLE_USER_SCRIPT_SANDBOXING = YES;
				GCC_C_LANGUAGE_STANDARD = gnu17;
				GCC_DYNAMIC_NO_PIC = NO;
				GCC_NO_COMMON_BLOCKS = YES;
				GCC_OPTIMIZATION_LEVEL = 0;
				GCC_PREPROCESSOR_DEFINITIONS = (
					"DEBUG=1",
					"$(inherited)",
				);
				GCC_WARN_64_TO_32_BIT_CONVERSION = YES;
				GCC_WARN_ABOUT_RETURN_TYPE = YES_ERROR;
				GCC_WARN_UNDECLARED_SELECTOR = YES;
				GCC_WARN_UNINITIALIZED_AUTOS = YES_AGGRESSIVE;
				GCC_WARN_UNUSED_FUNCTION = YES;
				GCC_WARN_UNUSED_VARIABLE = YES;
				IPHONEOS_DEPLOYMENT_TARGET = 18.0;
				LOCALIZATION_PREFERS_STRING_CATALOGS = YES;
				MTL_ENABLE_DEBUG_INFO = INCLUDE_SOURCE;
				MTL_FAST_MATH = YES;
				ONLY_ACTIVE_ARCH = YES;
				SDKROOT = iphoneos;
				SWIFT_ACTIVE_COMPILATION_CONDITIONS = "DEBUG $(inherited)";
				SWIFT_OPTIMIZATION_LEVEL = "-Onone";
			};
			name = Debug;
		};
		4143BCB02CA3146A00A4F3CC /* Release */ = {
			isa = XCBuildConfiguration;
			buildSettings = {
				ALWAYS_SEARCH_USER_PATHS = NO;
				ASSETCATALOG_COMPILER_GENERATE_SWIFT_ASSET_SYMBOL_EXTENSIONS = YES;
				CLANG_ANALYZER_NONNULL = YES;
				CLANG_ANALYZER_NUMBER_OBJECT_CONVERSION = YES_AGGRESSIVE;
				CLANG_CXX_LANGUAGE_STANDARD = "gnu++20";
				CLANG_ENABLE_MODULES = YES;
				CLANG_ENABLE_OBJC_ARC = YES;
				CLANG_ENABLE_OBJC_WEAK = YES;
				CLANG_WARN_BLOCK_CAPTURE_AUTORELEASING = YES;
				CLANG_WARN_BOOL_CONVERSION = YES;
				CLANG_WARN_COMMA = YES;
				CLANG_WARN_CONSTANT_CONVERSION = YES;
				CLANG_WARN_DEPRECATED_OBJC_IMPLEMENTATIONS = YES;
				CLANG_WARN_DIRECT_OBJC_ISA_USAGE = YES_ERROR;
				CLANG_WARN_DOCUMENTATION_COMMENTS = YES;
				CLANG_WARN_EMPTY_BODY = YES;
				CLANG_WARN_ENUM_CONVERSION = YES;
				CLANG_WARN_INFINITE_RECURSION = YES;
				CLANG_WARN_INT_CONVERSION = YES;
				CLANG_WARN_NON_LITERAL_NULL_CONVERSION = YES;
				CLANG_WARN_OBJC_IMPLICIT_RETAIN_SELF = YES;
				CLANG_WARN_OBJC_LITERAL_CONVERSION = YES;
				CLANG_WARN_OBJC_ROOT_CLASS = YES_ERROR;
				CLANG_WARN_QUOTED_INCLUDE_IN_FRAMEWORK_HEADER = YES;
				CLANG_WARN_RANGE_LOOP_ANALYSIS = YES;
				CLANG_WARN_STRICT_PROTOTYPES = YES;
				CLANG_WARN_SUSPICIOUS_MOVE = YES;
				CLANG_WARN_UNGUARDED_AVAILABILITY = YES_AGGRESSIVE;
				CLANG_WARN_UNREACHABLE_CODE = YES;
				CLANG_WARN__DUPLICATE_METHOD_MATCH = YES;
				COPY_PHASE_STRIP = NO;
				DEBUG_INFORMATION_FORMAT = "dwarf-with-dsym";
				ENABLE_NS_ASSERTIONS = NO;
				ENABLE_STRICT_OBJC_MSGSEND = YES;
				ENABLE_USER_SCRIPT_SANDBOXING = YES;
				GCC_C_LANGUAGE_STANDARD = gnu17;
				GCC_NO_COMMON_BLOCKS = YES;
				GCC_WARN_64_TO_32_BIT_CONVERSION = YES;
				GCC_WARN_ABOUT_RETURN_TYPE = YES_ERROR;
				GCC_WARN_UNDECLARED_SELECTOR = YES;
				GCC_WARN_UNINITIALIZED_AUTOS = YES_AGGRESSIVE;
				GCC_WARN_UNUSED_FUNCTION = YES;
				GCC_WARN_UNUSED_VARIABLE = YES;
				IPHONEOS_DEPLOYMENT_TARGET = 18.0;
				LOCALIZATION_PREFERS_STRING_CATALOGS = YES;
				MTL_ENABLE_DEBUG_INFO = NO;
				MTL_FAST_MATH = YES;
				SDKROOT = iphoneos;
				SWIFT_COMPILATION_MODE = wholemodule;
				VALIDATE_PRODUCT = YES;
			};
			name = Release;
		};
/* End XCBuildConfiguration section */

/* Begin XCConfigurationList section */
		4143BC942CA3146800A4F3CC /* Build configuration list for PBXProject "KREAM" */ = {
			isa = XCConfigurationList;
			buildConfigurations = (
				4143BCAF2CA3146A00A4F3CC /* Debug */,
				4143BCB02CA3146A00A4F3CC /* Release */,
			);
			defaultConfigurationIsVisible = 0;
			defaultConfigurationName = Release;
		};
		4143BCAC2CA3146A00A4F3CC /* Build configuration list for PBXNativeTarget "KREAM" */ = {
			isa = XCConfigurationList;
			buildConfigurations = (
				4143BCAD2CA3146A00A4F3CC /* Debug */,
				4143BCAE2CA3146A00A4F3CC /* Release */,
			);
			defaultConfigurationIsVisible = 0;
			defaultConfigurationName = Release;
		};
/* End XCConfigurationList section */

/* Begin XCRemoteSwiftPackageReference section */
		4143BCC42CA3167000A4F3CC /* XCRemoteSwiftPackageReference "SnapKit" */ = {
			isa = XCRemoteSwiftPackageReference;
			repositoryURL = "https://github.com/SnapKit/SnapKit";
			requirement = {
				kind = upToNextMajorVersion;
				minimumVersion = 5.7.1;
			};
		};
		41BD3C312CA5620F006775E3 /* XCRemoteSwiftPackageReference "Then" */ = {
			isa = XCRemoteSwiftPackageReference;
			repositoryURL = "https://github.com/devxoul/Then.git";
			requirement = {
				kind = upToNextMajorVersion;
				minimumVersion = 3.0.0;
			};
		};
		41E801B72CE8E175004A5DE5 /* XCRemoteSwiftPackageReference "Alamofire" */ = {
			isa = XCRemoteSwiftPackageReference;
			repositoryURL = "https://github.com/Alamofire/Alamofire";
			requirement = {
				kind = upToNextMajorVersion;
				minimumVersion = 5.10.1;
			};
		};
		41E801BE2CE8EA25004A5DE5 /* XCRemoteSwiftPackageReference "kakao-ios-sdk" */ = {
			isa = XCRemoteSwiftPackageReference;
			repositoryURL = "https://github.com/kakao/kakao-ios-sdk";
			requirement = {
				kind = upToNextMajorVersion;
				minimumVersion = 2.23.0;
			};
		};
		41E802B42CF207BC004A5DE5 /* XCRemoteSwiftPackageReference "Moya" */ = {
			isa = XCRemoteSwiftPackageReference;
			repositoryURL = "https://github.com/Moya/Moya";
			requirement = {
				kind = upToNextMajorVersion;
				minimumVersion = 15.0.3;
			};
		};
/* End XCRemoteSwiftPackageReference section */

/* Begin XCSwiftPackageProductDependency section */
		4143BCC52CA3167100A4F3CC /* SnapKit */ = {
			isa = XCSwiftPackageProductDependency;
			package = 4143BCC42CA3167000A4F3CC /* XCRemoteSwiftPackageReference "SnapKit" */;
			productName = SnapKit;
		};
		41BD3C322CA5620F006775E3 /* Then */ = {
			isa = XCSwiftPackageProductDependency;
			package = 41BD3C312CA5620F006775E3 /* XCRemoteSwiftPackageReference "Then" */;
			productName = Then;
		};
		41E801B82CE8E175004A5DE5 /* Alamofire */ = {
			isa = XCSwiftPackageProductDependency;
			package = 41E801B72CE8E175004A5DE5 /* XCRemoteSwiftPackageReference "Alamofire" */;
			productName = Alamofire;
		};
		41E801BF2CE8EA25004A5DE5 /* KakaoSDK */ = {
			isa = XCSwiftPackageProductDependency;
			package = 41E801BE2CE8EA25004A5DE5 /* XCRemoteSwiftPackageReference "kakao-ios-sdk" */;
			productName = KakaoSDK;
		};
		41E801C12CE8EA25004A5DE5 /* KakaoSDKAuth */ = {
			isa = XCSwiftPackageProductDependency;
			package = 41E801BE2CE8EA25004A5DE5 /* XCRemoteSwiftPackageReference "kakao-ios-sdk" */;
			productName = KakaoSDKAuth;
		};
		41E801C32CE8EA26004A5DE5 /* KakaoSDKCert */ = {
			isa = XCSwiftPackageProductDependency;
			package = 41E801BE2CE8EA25004A5DE5 /* XCRemoteSwiftPackageReference "kakao-ios-sdk" */;
			productName = KakaoSDKCert;
		};
		41E801C52CE8EA26004A5DE5 /* KakaoSDKCertCore */ = {
			isa = XCSwiftPackageProductDependency;
			package = 41E801BE2CE8EA25004A5DE5 /* XCRemoteSwiftPackageReference "kakao-ios-sdk" */;
			productName = KakaoSDKCertCore;
		};
		41E801C72CE8EA26004A5DE5 /* KakaoSDKCommon */ = {
			isa = XCSwiftPackageProductDependency;
			package = 41E801BE2CE8EA25004A5DE5 /* XCRemoteSwiftPackageReference "kakao-ios-sdk" */;
			productName = KakaoSDKCommon;
		};
		41E802B52CF207BC004A5DE5 /* CombineMoya */ = {
			isa = XCSwiftPackageProductDependency;
			package = 41E802B42CF207BC004A5DE5 /* XCRemoteSwiftPackageReference "Moya" */;
			productName = CombineMoya;
		};
		41E802B72CF207BC004A5DE5 /* Moya */ = {
			isa = XCSwiftPackageProductDependency;
			package = 41E802B42CF207BC004A5DE5 /* XCRemoteSwiftPackageReference "Moya" */;
			productName = Moya;
		};
		41E802B92CF207BC004A5DE5 /* ReactiveMoya */ = {
			isa = XCSwiftPackageProductDependency;
			package = 41E802B42CF207BC004A5DE5 /* XCRemoteSwiftPackageReference "Moya" */;
			productName = ReactiveMoya;
		};
		41E802BB2CF207BC004A5DE5 /* RxMoya */ = {
			isa = XCSwiftPackageProductDependency;
			package = 41E802B42CF207BC004A5DE5 /* XCRemoteSwiftPackageReference "Moya" */;
			productName = RxMoya;
		};
/* End XCSwiftPackageProductDependency section */
	};
	rootObject = 4143BC912CA3146800A4F3CC /* Project object */;
}
